// !$*UTF8*$!
{
	archiveVersion = 1;
	classes = {
	};
	objectVersion = 46;
	objects = {

/* Begin PBXBuildFile section */
		0AFF29511CABA2DA00255DD1 /* main.m in Sources */ = {isa = PBXBuildFile; fileRef = 0AFF29501CABA2DA00255DD1 /* main.m */; };
		0AFF29541CABA2DA00255DD1 /* AppDelegate.m in Sources */ = {isa = PBXBuildFile; fileRef = 0AFF29531CABA2DA00255DD1 /* AppDelegate.m */; };
		0AFF295A1CABA2DA00255DD1 /* Main.storyboard in Resources */ = {isa = PBXBuildFile; fileRef = 0AFF29581CABA2DA00255DD1 /* Main.storyboard */; };
		0AFF295C1CABA2DA00255DD1 /* Assets.xcassets in Resources */ = {isa = PBXBuildFile; fileRef = 0AFF295B1CABA2DA00255DD1 /* Assets.xcassets */; };
		0AFF295F1CABA2DA00255DD1 /* LaunchScreen.storyboard in Resources */ = {isa = PBXBuildFile; fileRef = 0AFF295D1CABA2DA00255DD1 /* LaunchScreen.storyboard */; };
		0AFF296A1CABA2DA00255DD1 /* SegmentViewControllerTests.m in Sources */ = {isa = PBXBuildFile; fileRef = 0AFF29691CABA2DA00255DD1 /* SegmentViewControllerTests.m */; };
		0AFF29751CABA3E400255DD1 /* MyNavigationController.m in Sources */ = {isa = PBXBuildFile; fileRef = 0AFF29741CABA3E400255DD1 /* MyNavigationController.m */; };
		0AFF297A1CABA3F700255DD1 /* UIColor+Util.m in Sources */ = {isa = PBXBuildFile; fileRef = 0AFF29791CABA3F700255DD1 /* UIColor+Util.m */; };
		0AFF29821CABA3FF00255DD1 /* HorizonalCollectionViewController.m in Sources */ = {isa = PBXBuildFile; fileRef = 0AFF297D1CABA3FF00255DD1 /* HorizonalCollectionViewController.m */; };
		0AFF29831CABA3FF00255DD1 /* SegmentViewController.m in Sources */ = {isa = PBXBuildFile; fileRef = 0AFF297F1CABA3FF00255DD1 /* SegmentViewController.m */; };
		0AFF29841CABA3FF00255DD1 /* TitleBarView.m in Sources */ = {isa = PBXBuildFile; fileRef = 0AFF29811CABA3FF00255DD1 /* TitleBarView.m */; };
/* End PBXBuildFile section */

/* Begin PBXContainerItemProxy section */
		0AFF29661CABA2DA00255DD1 /* PBXContainerItemProxy */ = {
			isa = PBXContainerItemProxy;
			containerPortal = 0AFF29441CABA2DA00255DD1 /* Project object */;
			proxyType = 1;
			remoteGlobalIDString = 0AFF294B1CABA2DA00255DD1;
			remoteInfo = SegmentViewController;
		};
/* End PBXContainerItemProxy section */

/* Begin PBXFileReference section */
		0AFF294C1CABA2DA00255DD1 /* SegmentViewController.app */ = {isa = PBXFileReference; explicitFileType = wrapper.application; includeInIndex = 0; path = SegmentViewController.app; sourceTree = BUILT_PRODUCTS_DIR; };
		0AFF29501CABA2DA00255DD1 /* main.m */ = {isa = PBXFileReference; lastKnownFileType = sourcecode.c.objc; path = main.m; sourceTree = "<group>"; };
		0AFF29521CABA2DA00255DD1 /* AppDelegate.h */ = {isa = PBXFileReference; lastKnownFileType = sourcecode.c.h; path = AppDelegate.h; sourceTree = "<group>"; };
		0AFF29531CABA2DA00255DD1 /* AppDelegate.m */ = {isa = PBXFileReference; lastKnownFileType = sourcecode.c.objc; path = AppDelegate.m; sourceTree = "<group>"; };
		0AFF29591CABA2DA00255DD1 /* Base */ = {isa = PBXFileReference; lastKnownFileType = file.storyboard; name = Base; path = Base.lproj/Main.storyboard; sourceTree = "<group>"; };
		0AFF295B1CABA2DA00255DD1 /* Assets.xcassets */ = {isa = PBXFileReference; lastKnownFileType = folder.assetcatalog; path = Assets.xcassets; sourceTree = "<group>"; };
		0AFF295E1CABA2DA00255DD1 /* Base */ = {isa = PBXFileReference; lastKnownFileType = file.storyboard; name = Base; path = Base.lproj/LaunchScreen.storyboard; sourceTree = "<group>"; };
		0AFF29601CABA2DA00255DD1 /* Info.plist */ = {isa = PBXFileReference; lastKnownFileType = text.plist.xml; path = Info.plist; sourceTree = "<group>"; };
		0AFF29651CABA2DA00255DD1 /* SegmentViewControllerTests.xctest */ = {isa = PBXFileReference; explicitFileType = wrapper.cfbundle; includeInIndex = 0; path = SegmentViewControllerTests.xctest; sourceTree = BUILT_PRODUCTS_DIR; };
		0AFF29691CABA2DA00255DD1 /* SegmentViewControllerTests.m */ = {isa = PBXFileReference; lastKnownFileType = sourcecode.c.objc; path = SegmentViewControllerTests.m; sourceTree = "<group>"; };
		0AFF296B1CABA2DA00255DD1 /* Info.plist */ = {isa = PBXFileReference; lastKnownFileType = text.plist.xml; path = Info.plist; sourceTree = "<group>"; };
		0AFF29741CABA3E400255DD1 /* MyNavigationController.m */ = {isa = PBXFileReference; fileEncoding = 4; lastKnownFileType = sourcecode.c.objc; path = MyNavigationController.m; sourceTree = "<group>"; };
		0AFF29761CABA3E800255DD1 /* MyNavigationController.h */ = {isa = PBXFileReference; lastKnownFileType = sourcecode.c.h; path = MyNavigationController.h; sourceTree = "<group>"; };
		0AFF29781CABA3F700255DD1 /* UIColor+Util.h */ = {isa = PBXFileReference; fileEncoding = 4; lastKnownFileType = sourcecode.c.h; path = "UIColor+Util.h"; sourceTree = "<group>"; };
		0AFF29791CABA3F700255DD1 /* UIColor+Util.m */ = {isa = PBXFileReference; fileEncoding = 4; lastKnownFileType = sourcecode.c.objc; path = "UIColor+Util.m"; sourceTree = "<group>"; };
		0AFF297C1CABA3FF00255DD1 /* HorizonalCollectionViewController.h */ = {isa = PBXFileReference; fileEncoding = 4; lastKnownFileType = sourcecode.c.h; path = HorizonalCollectionViewController.h; sourceTree = "<group>"; };
		0AFF297D1CABA3FF00255DD1 /* HorizonalCollectionViewController.m */ = {isa = PBXFileReference; fileEncoding = 4; lastKnownFileType = sourcecode.c.objc; path = HorizonalCollectionViewController.m; sourceTree = "<group>"; };
		0AFF297E1CABA3FF00255DD1 /* SegmentViewController.h */ = {isa = PBXFileReference; fileEncoding = 4; lastKnownFileType = sourcecode.c.h; path = SegmentViewController.h; sourceTree = "<group>"; };
		0AFF297F1CABA3FF00255DD1 /* SegmentViewController.m */ = {isa = PBXFileReference; fileEncoding = 4; lastKnownFileType = sourcecode.c.objc; path = SegmentViewController.m; sourceTree = "<group>"; };
		0AFF29801CABA3FF00255DD1 /* TitleBarView.h */ = {isa = PBXFileReference; fileEncoding = 4; lastKnownFileType = sourcecode.c.h; path = TitleBarView.h; sourceTree = "<group>"; };
		0AFF29811CABA3FF00255DD1 /* TitleBarView.m */ = {isa = PBXFileReference; fileEncoding = 4; lastKnownFileType = sourcecode.c.objc; path = TitleBarView.m; sourceTree = "<group>"; };
/* End PBXFileReference section */

/* Begin PBXFrameworksBuildPhase section */
		0AFF29491CABA2DA00255DD1 /* Frameworks */ = {
			isa = PBXFrameworksBuildPhase;
			buildActionMask = 2147483647;
			files = (
			);
			runOnlyForDeploymentPostprocessing = 0;
		};
		0AFF29621CABA2DA00255DD1 /* Frameworks */ = {
			isa = PBXFrameworksBuildPhase;
			buildActionMask = 2147483647;
			files = (
			);
			runOnlyForDeploymentPostprocessing = 0;
		};
/* End PBXFrameworksBuildPhase section */

/* Begin PBXGroup section */
		0AFF29431CABA2DA00255DD1 = {
			isa = PBXGroup;
			children = (
				0AFF294E1CABA2DA00255DD1 /* SegmentViewController */,
				0AFF29681CABA2DA00255DD1 /* SegmentViewControllerTests */,
				0AFF294D1CABA2DA00255DD1 /* Products */,
			);
			sourceTree = "<group>";
		};
		0AFF294D1CABA2DA00255DD1 /* Products */ = {
			isa = PBXGroup;
			children = (
				0AFF294C1CABA2DA00255DD1 /* SegmentViewController.app */,
				0AFF29651CABA2DA00255DD1 /* SegmentViewControllerTests.xctest */,
			);
			name = Products;
			sourceTree = "<group>";
		};
		0AFF294E1CABA2DA00255DD1 /* SegmentViewController */ = {
			isa = PBXGroup;
			children = (
				0AFF29771CABA3F700255DD1 /* Util */,
				0AFF297B1CABA3FF00255DD1 /* Segment */,
				0AFF29521CABA2DA00255DD1 /* AppDelegate.h */,
				0AFF29531CABA2DA00255DD1 /* AppDelegate.m */,
				0AFF29761CABA3E800255DD1 /* MyNavigationController.h */,
				0AFF29741CABA3E400255DD1 /* MyNavigationController.m */,
				0AFF29581CABA2DA00255DD1 /* Main.storyboard */,
				0AFF295B1CABA2DA00255DD1 /* Assets.xcassets */,
				0AFF295D1CABA2DA00255DD1 /* LaunchScreen.storyboard */,
				0AFF29601CABA2DA00255DD1 /* Info.plist */,
				0AFF294F1CABA2DA00255DD1 /* Supporting Files */,
			);
			path = SegmentViewController;
			sourceTree = "<group>";
		};
		0AFF294F1CABA2DA00255DD1 /* Supporting Files */ = {
			isa = PBXGroup;
			children = (
				0AFF29501CABA2DA00255DD1 /* main.m */,
			);
			name = "Supporting Files";
			sourceTree = "<group>";
		};
		0AFF29681CABA2DA00255DD1 /* SegmentViewControllerTests */ = {
			isa = PBXGroup;
			children = (
				0AFF29691CABA2DA00255DD1 /* SegmentViewControllerTests.m */,
				0AFF296B1CABA2DA00255DD1 /* Info.plist */,
			);
			path = SegmentViewControllerTests;
			sourceTree = "<group>";
		};
		0AFF29771CABA3F700255DD1 /* Util */ = {
			isa = PBXGroup;
			children = (
				0AFF29781CABA3F700255DD1 /* UIColor+Util.h */,
				0AFF29791CABA3F700255DD1 /* UIColor+Util.m */,
			);
			path = Util;
			sourceTree = "<group>";
		};
		0AFF297B1CABA3FF00255DD1 /* Segment */ = {
			isa = PBXGroup;
			children = (
				0AFF297C1CABA3FF00255DD1 /* HorizonalCollectionViewController.h */,
				0AFF297D1CABA3FF00255DD1 /* HorizonalCollectionViewController.m */,
				0AFF297E1CABA3FF00255DD1 /* SegmentViewController.h */,
				0AFF297F1CABA3FF00255DD1 /* SegmentViewController.m */,
				0AFF29801CABA3FF00255DD1 /* TitleBarView.h */,
				0AFF29811CABA3FF00255DD1 /* TitleBarView.m */,
			);
			path = Segment;
			sourceTree = "<group>";
		};
/* End PBXGroup section */

/* Begin PBXNativeTarget section */
		0AFF294B1CABA2DA00255DD1 /* SegmentViewController */ = {
			isa = PBXNativeTarget;
			buildConfigurationList = 0AFF296E1CABA2DA00255DD1 /* Build configuration list for PBXNativeTarget "SegmentViewController" */;
			buildPhases = (
				0AFF29481CABA2DA00255DD1 /* Sources */,
				0AFF29491CABA2DA00255DD1 /* Frameworks */,
				0AFF294A1CABA2DA00255DD1 /* Resources */,
			);
			buildRules = (
			);
			dependencies = (
			);
			name = SegmentViewController;
			productName = SegmentViewController;
			productReference = 0AFF294C1CABA2DA00255DD1 /* SegmentViewController.app */;
			productType = "com.apple.product-type.application";
		};
		0AFF29641CABA2DA00255DD1 /* SegmentViewControllerTests */ = {
			isa = PBXNativeTarget;
			buildConfigurationList = 0AFF29711CABA2DA00255DD1 /* Build configuration list for PBXNativeTarget "SegmentViewControllerTests" */;
			buildPhases = (
				0AFF29611CABA2DA00255DD1 /* Sources */,
				0AFF29621CABA2DA00255DD1 /* Frameworks */,
				0AFF29631CABA2DA00255DD1 /* Resources */,
			);
			buildRules = (
			);
			dependencies = (
				0AFF29671CABA2DA00255DD1 /* PBXTargetDependency */,
			);
			name = SegmentViewControllerTests;
			productName = SegmentViewControllerTests;
			productReference = 0AFF29651CABA2DA00255DD1 /* SegmentViewControllerTests.xctest */;
			productType = "com.apple.product-type.bundle.unit-test";
		};
/* End PBXNativeTarget section */

/* Begin PBXProject section */
		0AFF29441CABA2DA00255DD1 /* Project object */ = {
			isa = PBXProject;
			attributes = {
				LastUpgradeCheck = 0730;
				ORGANIZATIONNAME = "陈荣";
				TargetAttributes = {
					0AFF294B1CABA2DA00255DD1 = {
						CreatedOnToolsVersion = 7.3;
					};
					0AFF29641CABA2DA00255DD1 = {
						CreatedOnToolsVersion = 7.3;
						TestTargetID = 0AFF294B1CABA2DA00255DD1;
					};
				};
			};
			buildConfigurationList = 0AFF29471CABA2DA00255DD1 /* Build configuration list for PBXProject "SegmentViewController" */;
			compatibilityVersion = "Xcode 3.2";
			developmentRegion = English;
			hasScannedForEncodings = 0;
			knownRegions = (
				en,
				Base,
			);
			mainGroup = 0AFF29431CABA2DA00255DD1;
			productRefGroup = 0AFF294D1CABA2DA00255DD1 /* Products */;
			projectDirPath = "";
			projectRoot = "";
			targets = (
				0AFF294B1CABA2DA00255DD1 /* SegmentViewController */,
				0AFF29641CABA2DA00255DD1 /* SegmentViewControllerTests */,
			);
		};
/* End PBXProject section */

/* Begin PBXResourcesBuildPhase section */
		0AFF294A1CABA2DA00255DD1 /* Resources */ = {
			isa = PBXResourcesBuildPhase;
			buildActionMask = 2147483647;
			files = (
				0AFF295F1CABA2DA00255DD1 /* LaunchScreen.storyboard in Resources */,
				0AFF295C1CABA2DA00255DD1 /* Assets.xcassets in Resources */,
				0AFF295A1CABA2DA00255DD1 /* Main.storyboard in Resources */,
			);
			runOnlyForDeploymentPostprocessing = 0;
		};
		0AFF29631CABA2DA00255DD1 /* Resources */ = {
			isa = PBXResourcesBuildPhase;
			buildActionMask = 2147483647;
			files = (
			);
			runOnlyForDeploymentPostprocessing = 0;
		};
/* End PBXResourcesBuildPhase section */

/* Begin PBXSourcesBuildPhase section */
		0AFF29481CABA2DA00255DD1 /* Sources */ = {
			isa = PBXSourcesBuildPhase;
			buildActionMask = 2147483647;
			files = (
				0AFF29831CABA3FF00255DD1 /* SegmentViewController.m in Sources */,
				0AFF29751CABA3E400255DD1 /* MyNavigationController.m in Sources */,
				0AFF29541CABA2DA00255DD1 /* AppDelegate.m in Sources */,
				0AFF29511CABA2DA00255DD1 /* main.m in Sources */,
				0AFF29821CABA3FF00255DD1 /* HorizonalCollectionViewController.m in Sources */,
				0AFF29841CABA3FF00255DD1 /* TitleBarView.m in Sources */,
				0AFF297A1CABA3F700255DD1 /* UIColor+Util.m in Sources */,
			);
			runOnlyForDeploymentPostprocessing = 0;
		};
		0AFF29611CABA2DA00255DD1 /* Sources */ = {
			isa = PBXSourcesBuildPhase;
			buildActionMask = 2147483647;
			files = (
				0AFF296A1CABA2DA00255DD1 /* SegmentViewControllerTests.m in Sources */,
			);
			runOnlyForDeploymentPostprocessing = 0;
		};
/* End PBXSourcesBuildPhase section */

/* Begin PBXTargetDependency section */
		0AFF29671CABA2DA00255DD1 /* PBXTargetDependency */ = {
			isa = PBXTargetDependency;
			target = 0AFF294B1CABA2DA00255DD1 /* SegmentViewController */;
			targetProxy = 0AFF29661CABA2DA00255DD1 /* PBXContainerItemProxy */;
		};
/* End PBXTargetDependency section */

/* Begin PBXVariantGroup section */
		0AFF29581CABA2DA00255DD1 /* Main.storyboard */ = {
			isa = PBXVariantGroup;
			children = (
				0AFF29591CABA2DA00255DD1 /* Base */,
			);
			name = Main.storyboard;
			sourceTree = "<group>";
		};
		0AFF295D1CABA2DA00255DD1 /* LaunchScreen.storyboard */ = {
			isa = PBXVariantGroup;
			children = (
				0AFF295E1CABA2DA00255DD1 /* Base */,
			);
			name = LaunchScreen.storyboard;
			sourceTree = "<group>";
		};
/* End PBXVariantGroup section */

/* Begin XCBuildConfiguration section */
		0AFF296C1CABA2DA00255DD1 /* Debug */ = {
			isa = XCBuildConfiguration;
			buildSettings = {
				ALWAYS_SEARCH_USER_PATHS = NO;
				CLANG_ANALYZER_NONNULL = YES;
				CLANG_CXX_LANGUAGE_STANDARD = "gnu++0x";
				CLANG_CXX_LIBRARY = "libc++";
				CLANG_ENABLE_MODULES = YES;
				CLANG_ENABLE_OBJC_ARC = YES;
				CLANG_WARN_BOOL_CONVERSION = YES;
				CLANG_WARN_CONSTANT_CONVERSION = YES;
				CLANG_WARN_DIRECT_OBJC_ISA_USAGE = YES_ERROR;
				CLANG_WARN_EMPTY_BODY = YES;
				CLANG_WARN_ENUM_CONVERSION = YES;
				CLANG_WARN_INT_CONVERSION = YES;
				CLANG_WARN_OBJC_ROOT_CLASS = YES_ERROR;
				CLANG_WARN_UNREACHABLE_CODE = YES;
				CLANG_WARN__DUPLICATE_METHOD_MATCH = YES;
				"CODE_SIGN_IDENTITY[sdk=iphoneos*]" = "iPhone Developer";
				COPY_PHASE_STRIP = NO;
				DEBUG_INFORMATION_FORMAT = dwarf;
				ENABLE_STRICT_OBJC_MSGSEND = YES;
				ENABLE_TESTABILITY = YES;
				GCC_C_LANGUAGE_STANDARD = gnu99;
				GCC_DYNAMIC_NO_PIC = NO;
				GCC_NO_COMMON_BLOCKS = YES;
				GCC_OPTIMIZATION_LEVEL = 0;
				GCC_PREPROCESSOR_DEFINITIONS = (
					"DEBUG=1",
					"$(inherited)",
				);
				GCC_WARN_64_TO_32_BIT_CONVERSION = YES;
				GCC_WARN_ABOUT_RETURN_TYPE = YES_ERROR;
				GCC_WARN_UNDECLARED_SELECTOR = YES;
				GCC_WARN_UNINITIALIZED_AUTOS = YES_AGGRESSIVE;
				GCC_WARN_UNUSED_FUNCTION = YES;
				GCC_WARN_UNUSED_VARIABLE = YES;
				IPHONEOS_DEPLOYMENT_TARGET = 9.3;
				MTL_ENABLE_DEBUG_INFO = YES;
				ONLY_ACTIVE_ARCH = YES;
				SDKROOT = iphoneos;
			};
			name = Debug;
		};
		0AFF296D1CABA2DA00255DD1 /* Release */ = {
			isa = XCBuildConfiguration;
			buildSettings = {
				ALWAYS_SEARCH_USER_PATHS = NO;
				CLANG_ANALYZER_NONNULL = YES;
				CLANG_CXX_LANGUAGE_STANDARD = "gnu++0x";
				CLANG_CXX_LIBRARY = "libc++";
				CLANG_ENABLE_MODULES = YES;
				CLANG_ENABLE_OBJC_ARC = YES;
				CLANG_WARN_BOOL_CONVERSION = YES;
				CLANG_WARN_CONSTANT_CONVERSION = YES;
				CLANG_WARN_DIRECT_OBJC_ISA_USAGE = YES_ERROR;
				CLANG_WARN_EMPTY_BODY = YES;
				CLANG_WARN_ENUM_CONVERSION = YES;
				CLANG_WARN_INT_CONVERSION = YES;
				CLANG_WARN_OBJC_ROOT_CLASS = YES_ERROR;
				CLANG_WARN_UNREACHABLE_CODE = YES;
				CLANG_WARN__DUPLICATE_METHOD_MATCH = YES;
				"CODE_SIGN_IDENTITY[sdk=iphoneos*]" = "iPhone Developer";
				COPY_PHASE_STRIP = NO;
				DEBUG_INFORMATION_FORMAT = "dwarf-with-dsym";
				ENABLE_NS_ASSERTIONS = NO;
				ENABLE_STRICT_OBJC_MSGSEND = YES;
				GCC_C_LANGUAGE_STANDARD = gnu99;
				GCC_NO_COMMON_BLOCKS = YES;
				GCC_WARN_64_TO_32_BIT_CONVERSION = YES;
				GCC_WARN_ABOUT_RETURN_TYPE = YES_ERROR;
				GCC_WARN_UNDECLARED_SELECTOR = YES;
				GCC_WARN_UNINITIALIZED_AUTOS = YES_AGGRESSIVE;
				GCC_WARN_UNUSED_FUNCTION = YES;
				GCC_WARN_UNUSED_VARIABLE = YES;
				IPHONEOS_DEPLOYMENT_TARGET = 9.3;
				MTL_ENABLE_DEBUG_INFO = NO;
				SDKROOT = iphoneos;
				VALIDATE_PRODUCT = YES;
			};
			name = Release;
		};
		0AFF296F1CABA2DA00255DD1 /* Debug */ = {
			isa = XCBuildConfiguration;
			buildSettings = {
				ASSETCATALOG_COMPILER_APPICON_NAME = AppIcon;
				INFOPLIST_FILE = SegmentViewController/Info.plist;
				LD_RUNPATH_SEARCH_PATHS = "$(inherited) @executable_path/Frameworks";
				PRODUCT_BUNDLE_IDENTIFIER = com.cr.www.SegmentViewController;
				PRODUCT_NAME = "$(TARGET_NAME)";
			};
			name = Debug;
		};
		0AFF29701CABA2DA00255DD1 /* Release */ = {
			isa = XCBuildConfiguration;
			buildSettings = {
				ASSETCATALOG_COMPILER_APPICON_NAME = AppIcon;
				INFOPLIST_FILE = SegmentViewController/Info.plist;
				LD_RUNPATH_SEARCH_PATHS = "$(inherited) @executable_path/Frameworks";
				PRODUCT_BUNDLE_IDENTIFIER = com.cr.www.SegmentViewController;
				PRODUCT_NAME = "$(TARGET_NAME)";
			};
			name = Release;
		};
		0AFF29721CABA2DA00255DD1 /* Debug */ = {
			isa = XCBuildConfiguration;
			buildSettings = {
				BUNDLE_LOADER = "$(TEST_HOST)";
				INFOPLIST_FILE = SegmentViewControllerTests/Info.plist;
				LD_RUNPATH_SEARCH_PATHS = "$(inherited) @executable_path/Frameworks @loader_path/Frameworks";
				PRODUCT_BUNDLE_IDENTIFIER = com.cr.www.SegmentViewControllerTests;
				PRODUCT_NAME = "$(TARGET_NAME)";
				TEST_HOST = "$(BUILT_PRODUCTS_DIR)/SegmentViewController.app/SegmentViewController";
			};
			name = Debug;
		};
		0AFF29731CABA2DA00255DD1 /* Release */ = {
			isa = XCBuildConfiguration;
			buildSettings = {
				BUNDLE_LOADER = "$(TEST_HOST)";
				INFOPLIST_FILE = SegmentViewControllerTests/Info.plist;
				LD_RUNPATH_SEARCH_PATHS = "$(inherited) @executable_path/Frameworks @loader_path/Frameworks";
				PRODUCT_BUNDLE_IDENTIFIER = com.cr.www.SegmentViewControllerTests;
				PRODUCT_NAME = "$(TARGET_NAME)";
				TEST_HOST = "$(BUILT_PRODUCTS_DIR)/SegmentViewController.app/SegmentViewController";
			};
			name = Release;
		};
/* End XCBuildConfiguration section */

/* Begin XCConfigurationList section */
		0AFF29471CABA2DA00255DD1 /* Build configuration list for PBXProject "SegmentViewController" */ = {
			isa = XCConfigurationList;
			buildConfigurations = (
				0AFF296C1CABA2DA00255DD1 /* Debug */,
				0AFF296D1CABA2DA00255DD1 /* Release */,
			);
			defaultConfigurationIsVisible = 0;
			defaultConfigurationName = Release;
		};
		0AFF296E1CABA2DA00255DD1 /* Build configuration list for PBXNativeTarget "SegmentViewController" */ = {
			isa = XCConfigurationList;
			buildConfigurations = (
				0AFF296F1CABA2DA00255DD1 /* Debug */,
				0AFF29701CABA2DA00255DD1 /* Release */,
			);
			defaultConfigurationIsVisible = 0;
		};
		0AFF29711CABA2DA00255DD1 /* Build configuration list for PBXNativeTarget "SegmentViewControllerTests" */ = {
			isa = XCConfigurationList;
			buildConfigurations = (
				0AFF29721CABA2DA00255DD1 /* Debug */,
				0AFF29731CABA2DA00255DD1 /* Release */,
			);
			defaultConfigurationIsVisible = 0;
		};
/* End XCConfigurationList section */
	};
	rootObject = 0AFF29441CABA2DA00255DD1 /* Project object */;
}
